{
    "version": 3,
    "terraform_version": "0.10.6",
    "serial": 5,
    "lineage": "a7f82c45-91e1-4856-9bad-012251b97aca",
    "modules": [
        {
            "path": [
                "root"
            ],
            "outputs": {},
            "resources": {
                "aws_s3_bucket.b": {
                    "type": "aws_s3_bucket",
                    "depends_on": [],
                    "primary": {
                        "id": "mytftestbucket4321",
                        "attributes": {
                            "acceleration_status": "",
                            "acl": "private",
                            "arn": "arn:aws:s3:::mytftestbucket4321",
                            "bucket": "mytftestbucket4321",
                            "bucket_domain_name": "mytftestbucket4321.s3.amazonaws.com",
                            "force_destroy": "false",
                            "hosted_zone_id": "Z2O1EMRO9K5GLX",
                            "id": "mytftestbucket4321",
                            "logging.#": "0",
                            "region": "us-east-2",
                            "request_payer": "BucketOwner",
                            "tags.%": "2",
                            "tags.Environment": "Dev",
                            "tags.Name": "mybucket12344321",
                            "versioning.#": "1",
                            "versioning.0.enabled": "false",
                            "versioning.0.mfa_delete": "false",
                            "website.#": "0"
                        },
                        "meta": {},
                        "tainted": false
                    },
                    "deposed": [],
                    "provider": ""
                },
                "aws_s3_bucket.ba": {
                    "type": "aws_s3_bucket",
                    "depends_on": [],
                    "primary": {
                        "id": "mytftestbucket43214",
                        "attributes": {
                            "acceleration_status": "",
                            "acl": "private",
                            "arn": "arn:aws:s3:::mytftestbucket43214",
                            "bucket": "mytftestbucket43214",
                            "bucket_domain_name": "mytftestbucket43214.s3.amazonaws.com",
                            "force_destroy": "false",
                            "hosted_zone_id": "Z2O1EMRO9K5GLX",
                            "id": "mytftestbucket43214",
                            "logging.#": "0",
                            "region": "us-east-2",
                            "request_payer": "BucketOwner",
                            "tags.%": "2",
                            "tags.Environment": "Dev",
                            "tags.Name": "mybucket12344321",
                            "versioning.#": "1",
                            "versioning.0.enabled": "false",
                            "versioning.0.mfa_delete": "false",
                            "website.#": "0"
                        },
                        "meta": {},
                        "tainted": false
                    },
                    "deposed": [],
                    "provider": ""
                }
            },
            "depends_on": []
        }
    ]
}
